
Microsoft Visual Studio Solution File, Format Version 12.00
# Visual Studio Version 17
VisualStudioVersion = 17.2.32630.192
MinimumVisualStudioVersion = 10.0.40219.1
Project("{FAE04EC0-301F-11D3-BF4B-00C04F79EFBC}") = "Joqds.Zookeeper.Configuration", "Joqds.Zookeeper.Configuration\Joqds.Zookeeper.Configuration.csproj", "{FF62BD1C-5142-416A-8996-894CFBB0669C}"
EndProject
Global
	GlobalSection(SolutionConfigurationPlatforms) = preSolution
		Debug|Any CPU = Debug|Any CPU
		Release|Any CPU = Release|Any CPU
	EndGlobalSection
	GlobalSection(ProjectConfigurationPlatforms) = postSolution
		{FF62BD1C-5142-416A-8996-894CFBB0669C}.Debug|Any CPU.ActiveCfg = Debug|Any CPU
		{FF62BD1C-5142-416A-8996-894CFBB0669C}.Debug|Any CPU.Build.0 = Debug|Any CPU
		{FF62BD1C-5142-416A-8996-894CFBB0669C}.Release|Any CPU.ActiveCfg = Release|Any CPU
		{FF62BD1C-5142-416A-8996-894CFBB0669C}.Release|Any CPU.Build.0 = Release|Any CPU
	EndGlobalSection
	GlobalSection(SolutionProperties) = preSolution
		HideSolutionNode = FALSE
	EndGlobalSection
	GlobalSection(ExtensibilityGlobals) = postSolution
		SolutionGuid = {78BAC2C0-63A3-482F-9D94-FC02F474D307}
	EndGlobalSection
EndGlobal
